
Microsoft Visual Studio Solution File, Format Version 12.00
# Visual Studio Version 16
VisualStudioVersion = 16.0.32413.511
MinimumVisualStudioVersion = 10.0.40219.1
Project("{FAE04EC0-301F-11D3-BF4B-00C04F79EFBC}") = "Inheritance", "Inheritance.csproj", "{D3EC755E-B5F7-47B2-99DD-D9E5468F45A3}"
EndProject
Global
	GlobalSection(SolutionConfigurationPlatforms) = preSolution
		Debug|Any CPU = Debug|Any CPU
		Release|Any CPU = Release|Any CPU
	EndGlobalSection
	GlobalSection(ProjectConfigurationPlatforms) = postSolution
		{D3EC755E-B5F7-47B2-99DD-D9E5468F45A3}.Debug|Any CPU.ActiveCfg = Debug|Any CPU
		{D3EC755E-B5F7-47B2-99DD-D9E5468F45A3}.Debug|Any CPU.Build.0 = Debug|Any CPU
		{D3EC755E-B5F7-47B2-99DD-D9E5468F45A3}.Release|Any CPU.ActiveCfg = Release|Any CPU
		{D3EC755E-B5F7-47B2-99DD-D9E5468F45A3}.Release|Any CPU.Build.0 = Release|Any CPU
	EndGlobalSection
	GlobalSection(SolutionProperties) = preSolution
		HideSolutionNode = FALSE
	EndGlobalSection
	GlobalSection(ExtensibilityGlobals) = postSolution
		SolutionGuid = {F6FC9F47-7B79-4A39-A3E6-CFA174850092}
	EndGlobalSection
EndGlobal
